
Microsoft Visual Studio Solution File, Format Version 12.00
# Visual Studio Version 17
VisualStudioVersion = 17.10.35013.160
MinimumVisualStudioVersion = 10.0.40219.1
Project("{FAE04EC0-301F-11D3-BF4B-00C04F79EFBC}") = "Tutorial4Ex3", "Tutorial4Ex3\Tutorial4Ex3.csproj", "{4CBE6831-4DFB-4014-967F-2B20A4AAF2C6}"
EndProject
Global
	GlobalSection(SolutionConfigurationPlatforms) = preSolution
		Debug|Any CPU = Debug|Any CPU
		Release|Any CPU = Release|Any CPU
	EndGlobalSection
	GlobalSection(ProjectConfigurationPlatforms) = postSolution
		{4CBE6831-4DFB-4014-967F-2B20A4AAF2C6}.Debug|Any CPU.ActiveCfg = Debug|Any CPU
		{4CBE6831-4DFB-4014-967F-2B20A4AAF2C6}.Debug|Any CPU.Build.0 = Debug|Any CPU
		{4CBE6831-4DFB-4014-967F-2B20A4AAF2C6}.Release|Any CPU.ActiveCfg = Release|Any CPU
		{4CBE6831-4DFB-4014-967F-2B20A4AAF2C6}.Release|Any CPU.Build.0 = Release|Any CPU
	EndGlobalSection
	GlobalSection(SolutionProperties) = preSolution
		HideSolutionNode = FALSE
	EndGlobalSection
	GlobalSection(ExtensibilityGlobals) = postSolution
		SolutionGuid = {14006EE9-E085-4EB4-93FA-A6D05E8A6947}
	EndGlobalSection
EndGlobal
